
Microsoft Visual Studio Solution File, Format Version 12.00
# Visual Studio Version 16
VisualStudioVersion = 16.0.31205.134
MinimumVisualStudioVersion = 10.0.40219.1
Project("{FAE04EC0-301F-11D3-BF4B-00C04F79EFBC}") = "EFDemoWeb", "EFDemoWeb\EFDemoWeb.csproj", "{D0306C4A-0727-4198-89D2-4B4B32011200}"
EndProject
Project("{FAE04EC0-301F-11D3-BF4B-00C04F79EFBC}") = "EFDataAccessLibrary", "EFDataAccessLibrary\EFDataAccessLibrary.csproj", "{7C1E39EE-D63C-47B7-93E9-E7F6C961D119}"
EndProject
Global
	GlobalSection(SolutionConfigurationPlatforms) = preSolution
		Debug|Any CPU = Debug|Any CPU
		Release|Any CPU = Release|Any CPU
	EndGlobalSection
	GlobalSection(ProjectConfigurationPlatforms) = postSolution
		{D0306C4A-0727-4198-89D2-4B4B32011200}.Debug|Any CPU.ActiveCfg = Debug|Any CPU
		{D0306C4A-0727-4198-89D2-4B4B32011200}.Debug|Any CPU.Build.0 = Debug|Any CPU
		{D0306C4A-0727-4198-89D2-4B4B32011200}.Release|Any CPU.ActiveCfg = Release|Any CPU
		{D0306C4A-0727-4198-89D2-4B4B32011200}.Release|Any CPU.Build.0 = Release|Any CPU
		{7C1E39EE-D63C-47B7-93E9-E7F6C961D119}.Debug|Any CPU.ActiveCfg = Debug|Any CPU
		{7C1E39EE-D63C-47B7-93E9-E7F6C961D119}.Debug|Any CPU.Build.0 = Debug|Any CPU
		{7C1E39EE-D63C-47B7-93E9-E7F6C961D119}.Release|Any CPU.ActiveCfg = Release|Any CPU
		{7C1E39EE-D63C-47B7-93E9-E7F6C961D119}.Release|Any CPU.Build.0 = Release|Any CPU
	EndGlobalSection
	GlobalSection(SolutionProperties) = preSolution
		HideSolutionNode = FALSE
	EndGlobalSection
	GlobalSection(ExtensibilityGlobals) = postSolution
		SolutionGuid = {52899EAA-B722-4BBF-BBCF-8AFF4436062C}
	EndGlobalSection
EndGlobal
