
Microsoft Visual Studio Solution File, Format Version 12.00
# Visual Studio Version 16
VisualStudioVersion = 16.0.31205.134
MinimumVisualStudioVersion = 10.0.40219.1
Project("{FAE04EC0-301F-11D3-BF4B-00C04F79EFBC}") = "BlackJackGame", "BlackJackGame.csproj", "{4683EA8C-1D42-45D0-A0BA-7DF3992AC278}"
EndProject
Global
	GlobalSection(SolutionConfigurationPlatforms) = preSolution
		Debug|Any CPU = Debug|Any CPU
		Release|Any CPU = Release|Any CPU
	EndGlobalSection
	GlobalSection(ProjectConfigurationPlatforms) = postSolution
		{4683EA8C-1D42-45D0-A0BA-7DF3992AC278}.Debug|Any CPU.ActiveCfg = Debug|Any CPU
		{4683EA8C-1D42-45D0-A0BA-7DF3992AC278}.Debug|Any CPU.Build.0 = Debug|Any CPU
		{4683EA8C-1D42-45D0-A0BA-7DF3992AC278}.Release|Any CPU.ActiveCfg = Release|Any CPU
		{4683EA8C-1D42-45D0-A0BA-7DF3992AC278}.Release|Any CPU.Build.0 = Release|Any CPU
	EndGlobalSection
	GlobalSection(SolutionProperties) = preSolution
		HideSolutionNode = FALSE
	EndGlobalSection
	GlobalSection(ExtensibilityGlobals) = postSolution
		SolutionGuid = {4412BBD3-4F7D-42F2-ADEE-0097BEDA9EEA}
	EndGlobalSection
EndGlobal
