
Microsoft Visual Studio Solution File, Format Version 12.00
# Visual Studio Version 16
VisualStudioVersion = 16.0.31205.134
MinimumVisualStudioVersion = 10.0.40219.1
Project("{FAE04EC0-301F-11D3-BF4B-00C04F79EFBC}") = "MainMethodAssignment", "MainMethodAssignment.csproj", "{D6E2B8CA-80F9-45E9-9B6A-C403460E5FE8}"
EndProject
Global
	GlobalSection(SolutionConfigurationPlatforms) = preSolution
		Debug|Any CPU = Debug|Any CPU
		Release|Any CPU = Release|Any CPU
	EndGlobalSection
	GlobalSection(ProjectConfigurationPlatforms) = postSolution
		{D6E2B8CA-80F9-45E9-9B6A-C403460E5FE8}.Debug|Any CPU.ActiveCfg = Debug|Any CPU
		{D6E2B8CA-80F9-45E9-9B6A-C403460E5FE8}.Debug|Any CPU.Build.0 = Debug|Any CPU
		{D6E2B8CA-80F9-45E9-9B6A-C403460E5FE8}.Release|Any CPU.ActiveCfg = Release|Any CPU
		{D6E2B8CA-80F9-45E9-9B6A-C403460E5FE8}.Release|Any CPU.Build.0 = Release|Any CPU
	EndGlobalSection
	GlobalSection(SolutionProperties) = preSolution
		HideSolutionNode = FALSE
	EndGlobalSection
	GlobalSection(ExtensibilityGlobals) = postSolution
		SolutionGuid = {15047B29-FE1E-4473-A335-BA8A0B13669F}
	EndGlobalSection
EndGlobal
