
Microsoft Visual Studio Solution File, Format Version 12.00
# Visual Studio Version 16
VisualStudioVersion = 16.0.31205.134
MinimumVisualStudioVersion = 10.0.40219.1
Project("{FAE04EC0-301F-11D3-BF4B-00C04F79EFBC}") = "TryCatchAssignment", "TryCatchAssignment.csproj", "{294FFA62-28F2-4A16-AB81-7D02E138FA54}"
EndProject
Global
	GlobalSection(SolutionConfigurationPlatforms) = preSolution
		Debug|Any CPU = Debug|Any CPU
		Release|Any CPU = Release|Any CPU
	EndGlobalSection
	GlobalSection(ProjectConfigurationPlatforms) = postSolution
		{294FFA62-28F2-4A16-AB81-7D02E138FA54}.Debug|Any CPU.ActiveCfg = Debug|Any CPU
		{294FFA62-28F2-4A16-AB81-7D02E138FA54}.Debug|Any CPU.Build.0 = Debug|Any CPU
		{294FFA62-28F2-4A16-AB81-7D02E138FA54}.Release|Any CPU.ActiveCfg = Release|Any CPU
		{294FFA62-28F2-4A16-AB81-7D02E138FA54}.Release|Any CPU.Build.0 = Release|Any CPU
	EndGlobalSection
	GlobalSection(SolutionProperties) = preSolution
		HideSolutionNode = FALSE
	EndGlobalSection
	GlobalSection(ExtensibilityGlobals) = postSolution
		SolutionGuid = {C9568FEA-7EB7-4A0D-A772-AF69B89AEACA}
	EndGlobalSection
EndGlobal
