
Microsoft Visual Studio Solution File, Format Version 12.00
# Visual Studio Version 16
VisualStudioVersion = 16.0.31205.134
MinimumVisualStudioVersion = 10.0.40219.1
Project("{FAE04EC0-301F-11D3-BF4B-00C04F79EFBC}") = "Array App", "Array App.csproj", "{1A554A26-C5E3-4950-B209-34D82BC5FBFF}"
EndProject
Global
	GlobalSection(SolutionConfigurationPlatforms) = preSolution
		Debug|Any CPU = Debug|Any CPU
		Release|Any CPU = Release|Any CPU
	EndGlobalSection
	GlobalSection(ProjectConfigurationPlatforms) = postSolution
		{1A554A26-C5E3-4950-B209-34D82BC5FBFF}.Debug|Any CPU.ActiveCfg = Debug|Any CPU
		{1A554A26-C5E3-4950-B209-34D82BC5FBFF}.Debug|Any CPU.Build.0 = Debug|Any CPU
		{1A554A26-C5E3-4950-B209-34D82BC5FBFF}.Release|Any CPU.ActiveCfg = Release|Any CPU
		{1A554A26-C5E3-4950-B209-34D82BC5FBFF}.Release|Any CPU.Build.0 = Release|Any CPU
	EndGlobalSection
	GlobalSection(SolutionProperties) = preSolution
		HideSolutionNode = FALSE
	EndGlobalSection
	GlobalSection(ExtensibilityGlobals) = postSolution
		SolutionGuid = {6284ED1E-0D47-48CB-9D9F-7E79DF2C5C2C}
	EndGlobalSection
EndGlobal
