
Microsoft Visual Studio Solution File, Format Version 12.00
# Visual Studio Version 16
VisualStudioVersion = 16.0.31205.134
MinimumVisualStudioVersion = 10.0.40219.1
Project("{FAE04EC0-301F-11D3-BF4B-00C04F79EFBC}") = "StringFunctions2", "StringFunctions2.csproj", "{257694D8-BDC1-4510-93AD-1C6888A05D23}"
EndProject
Global
	GlobalSection(SolutionConfigurationPlatforms) = preSolution
		Debug|Any CPU = Debug|Any CPU
		Release|Any CPU = Release|Any CPU
	EndGlobalSection
	GlobalSection(ProjectConfigurationPlatforms) = postSolution
		{257694D8-BDC1-4510-93AD-1C6888A05D23}.Debug|Any CPU.ActiveCfg = Debug|Any CPU
		{257694D8-BDC1-4510-93AD-1C6888A05D23}.Debug|Any CPU.Build.0 = Debug|Any CPU
		{257694D8-BDC1-4510-93AD-1C6888A05D23}.Release|Any CPU.ActiveCfg = Release|Any CPU
		{257694D8-BDC1-4510-93AD-1C6888A05D23}.Release|Any CPU.Build.0 = Release|Any CPU
	EndGlobalSection
	GlobalSection(SolutionProperties) = preSolution
		HideSolutionNode = FALSE
	EndGlobalSection
	GlobalSection(ExtensibilityGlobals) = postSolution
		SolutionGuid = {269F582B-2D2D-45E9-AB0A-240D2B98539E}
	EndGlobalSection
EndGlobal
