
Microsoft Visual Studio Solution File, Format Version 12.00
# Visual Studio Version 16
VisualStudioVersion = 16.0.31205.134
MinimumVisualStudioVersion = 10.0.40219.1
Project("{FAE04EC0-301F-11D3-BF4B-00C04F79EFBC}") = "Iteration", "Iteration.csproj", "{04020059-74AB-4963-9301-0570C64B49DB}"
EndProject
Global
	GlobalSection(SolutionConfigurationPlatforms) = preSolution
		Debug|Any CPU = Debug|Any CPU
		Release|Any CPU = Release|Any CPU
	EndGlobalSection
	GlobalSection(ProjectConfigurationPlatforms) = postSolution
		{04020059-74AB-4963-9301-0570C64B49DB}.Debug|Any CPU.ActiveCfg = Debug|Any CPU
		{04020059-74AB-4963-9301-0570C64B49DB}.Debug|Any CPU.Build.0 = Debug|Any CPU
		{04020059-74AB-4963-9301-0570C64B49DB}.Release|Any CPU.ActiveCfg = Release|Any CPU
		{04020059-74AB-4963-9301-0570C64B49DB}.Release|Any CPU.Build.0 = Release|Any CPU
	EndGlobalSection
	GlobalSection(SolutionProperties) = preSolution
		HideSolutionNode = FALSE
	EndGlobalSection
	GlobalSection(ExtensibilityGlobals) = postSolution
		SolutionGuid = {B7A5D8E0-EB68-4783-B798-CFBE4759B61D}
	EndGlobalSection
EndGlobal
