
Microsoft Visual Studio Solution File, Format Version 12.00
# Visual Studio Version 16
VisualStudioVersion = 16.0.31205.134
MinimumVisualStudioVersion = 10.0.40219.1
Project("{FAE04EC0-301F-11D3-BF4B-00C04F79EFBC}") = "MethodClassAssignment", "MethodClassAssignment.csproj", "{B1AC4EA2-DB2C-4411-AB4A-CA91A106918D}"
EndProject
Global
	GlobalSection(SolutionConfigurationPlatforms) = preSolution
		Debug|Any CPU = Debug|Any CPU
		Release|Any CPU = Release|Any CPU
	EndGlobalSection
	GlobalSection(ProjectConfigurationPlatforms) = postSolution
		{B1AC4EA2-DB2C-4411-AB4A-CA91A106918D}.Debug|Any CPU.ActiveCfg = Debug|Any CPU
		{B1AC4EA2-DB2C-4411-AB4A-CA91A106918D}.Debug|Any CPU.Build.0 = Debug|Any CPU
		{B1AC4EA2-DB2C-4411-AB4A-CA91A106918D}.Release|Any CPU.ActiveCfg = Release|Any CPU
		{B1AC4EA2-DB2C-4411-AB4A-CA91A106918D}.Release|Any CPU.Build.0 = Release|Any CPU
	EndGlobalSection
	GlobalSection(SolutionProperties) = preSolution
		HideSolutionNode = FALSE
	EndGlobalSection
	GlobalSection(ExtensibilityGlobals) = postSolution
		SolutionGuid = {3B41DAFA-2066-4F83-B320-328E724459D7}
	EndGlobalSection
EndGlobal
